# This file was autogenerated by Stack.
# You should not edit this file by hand.
# For more information, please see the documentation at:
#   https://docs.haskellstack.org/en/stable/lock_files

packages:
- completed:
    hackage: rocksdb-query-0.3.0@sha256:9d402bab5a911c19f2bae36f79e49941ca152c8eb8a06792c90cbcb6f33cc20c,1567
    pantry-tree:
      size: 382
      sha256: 21cfc1656aba2ab01ae36c687aec84b3e2441f0e21418d89d67a8073c6a45328
  original:
    hackage: rocksdb-query-0.3.0
snapshots:
- completed:
    size: 523700
    url: https://raw.githubusercontent.com/commercialhaskell/stackage-snapshots/master/lts/14/7.yaml
    sha256: 8e3f3c894be74d71fa4bf085e0a8baae7e4d7622d07ea31a52736b80f8b9bb1a
  original: lts-14.7
